
Microsoft Visual Studio Solution File, Format Version 12.00
# Visual Studio Version 17
VisualStudioVersion = 17.4.33213.308
MinimumVisualStudioVersion = 10.0.40219.1
Project("{FAE04EC0-301F-11D3-BF4B-00C04F79EFBC}") = "poePart2", "poePart2\poePart2.csproj", "{A8360672-C6A8-4814-8CA0-50B06B491BD3}"
EndProject
Project("{2150E333-8FDC-42A3-9474-1A3956D46DE8}") = "Solution Items", "Solution Items", "{C9F03223-9A22-4DF4-9ACF-ABDFBC5DE9A7}"
	ProjectSection(SolutionItems) = preProject
		SqlQuery_1.sql = SqlQuery_1.sql
	EndProjectSection
EndProject
Global
	GlobalSection(SolutionConfigurationPlatforms) = preSolution
		Debug|Any CPU = Debug|Any CPU
		Release|Any CPU = Release|Any CPU
	EndGlobalSection
	GlobalSection(ProjectConfigurationPlatforms) = postSolution
		{A8360672-C6A8-4814-8CA0-50B06B491BD3}.Debug|Any CPU.ActiveCfg = Debug|Any CPU
		{A8360672-C6A8-4814-8CA0-50B06B491BD3}.Debug|Any CPU.Build.0 = Debug|Any CPU
		{A8360672-C6A8-4814-8CA0-50B06B491BD3}.Release|Any CPU.ActiveCfg = Release|Any CPU
		{A8360672-C6A8-4814-8CA0-50B06B491BD3}.Release|Any CPU.Build.0 = Release|Any CPU
	EndGlobalSection
	GlobalSection(SolutionProperties) = preSolution
		HideSolutionNode = FALSE
	EndGlobalSection
	GlobalSection(ExtensibilityGlobals) = postSolution
		SolutionGuid = {8D60310C-3DF2-42E1-BC12-A83C672FAA8C}
	EndGlobalSection
EndGlobal
